PODS:
  - AFNetworking (3.1.0):
    - AFNetworking/NSURLSession (= 3.1.0)
    - AFNetworking/Reachability (= 3.1.0)
    - AFNetworking/Security (= 3.1.0)
    - AFNetworking/Serialization (= 3.1.0)
    - AFNetworking/UIKit (= 3.1.0)
  - AFNetworking/NSURLSession (3.1.0):
    - AFNetworking/Reachability
    - AFNetworking/Security
    - AFNetworking/Serialization
  - AFNetworking/Reachability (3.1.0)
  - AFNetworking/Security (3.1.0)
  - AFNetworking/Serialization (3.1.0)
  - AFNetworking/UIKit (3.1.0):
    - AFNetworking/NSURLSession
  - ServiceApi (0.6.0):
    - AFNetworking (~> 3.0)

DEPENDENCIES:
  - ServiceApi (from `../`)

EXTERNAL SOURCES:
  ServiceApi:
    :path: ../

SPEC CHECKSUMS:
  AFNetworking: 5e0e199f73d8626b11e79750991f5d173d1f8b67
  ServiceApi: 7834bac9ba9f03838cc3ad4e07c1876f68a7e379

PODFILE CHECKSUM: 29f283a16537700139e940405d738953620f1fde

COCOAPODS: 1.3.1
